{
  "version": 4,
  "terraform_version": "1.3.7",
  "serial": 16,
  "lineage": "5b9a0431-0a1e-a008-76bc-12ba41b97013",
  "outputs": {
    "jenkins_ip": {
      "value": "137.184.130.207",
      "type": "string"
    }
  },
  "resources": [
    {
      "mode": "data",
      "type": "digitalocean_ssh_key",
      "name": "ssh_key",
      "provider": "provider[\"registry.terraform.io/digitalocean/digitalocean\"]",
      "instances": [
        {
          "schema_version": 0,
          "attributes": {
            "fingerprint": "28:fe:25:09:bb:09:9c:c9:7b:c9:11:bd:d3:8b:7a:81",
            "id": 37384181,
            "name": "Jornada",
            "public_key": "ssh-rsa AAAAB3NzaC1yc2EAAAADAQABAAABAQDTqt17+jifU/ROrXQ3mJf9a18BHqUAn8iy9IGLaoyWV8bSxU8sXBrtHPpH8aS09TvbHDfF6LHrz8RdBwi1y8jSzTFMtP3zuj8fAK1mPu6Gbc3z3OeoB3IjsbeiMwhSSD1X/cm8of11kEwZ4ETkb86gvLAXptw04rz9T9ANHosHVFXT09YyBemzhBZU1Hke6vINwOg87yVCLyBvsTB1SlqOdMRUy6ptbdLaFa1E6CSxgMiOWZ9Maah/cyI7YMibNTeFpTSaV/SlvO5SsG9+dNsgQZUxaZMypSMzjB1rBuFzO656/3K+PiCr2XuGbU8V9PGVV6T5dgcA/hB9DMOYrsYR darae@rafa"
          },
          "sensitive_attributes": []
        }
      ]
    },
    {
      "mode": "managed",
      "type": "digitalocean_droplet",
      "name": "jenkins",
      "provider": "provider[\"registry.terraform.io/digitalocean/digitalocean\"]",
      "instances": [
        {
          "schema_version": 1,
          "attributes": {
            "backups": false,
            "created_at": "2023-01-29T13:44:49Z",
            "disk": 60,
            "droplet_agent": null,
            "graceful_shutdown": false,
            "id": "338112923",
            "image": "ubuntu-22-04-x64",
            "ipv4_address": "137.184.130.207",
            "ipv4_address_private": "10.116.0.2",
            "ipv6": false,
            "ipv6_address": "",
            "locked": false,
            "memory": 2048,
            "monitoring": false,
            "name": "jenkins",
            "price_hourly": 0.02679,
            "price_monthly": 18,
            "private_networking": true,
            "region": "nyc1",
            "resize_disk": true,
            "size": "s-2vcpu-2gb",
            "ssh_keys": [
              "37384181"
            ],
            "status": "active",
            "tags": [],
            "timeouts": null,
            "urn": "do:droplet:338112923",
            "user_data": null,
            "vcpus": 2,
            "volume_ids": [],
            "vpc_uuid": "2d5e648f-d21e-4af9-8898-12c176bf819f"
          },
          "sensitive_attributes": [],
          "private": "eyJlMmJmYjczMC1lY2FhLTExZTYtOGY4OC0zNDM2M2JjN2M0YzAiOnsiY3JlYXRlIjozNjAwMDAwMDAwMDAwLCJkZWxldGUiOjYwMDAwMDAwMDAwLCJ1cGRhdGUiOjM2MDAwMDAwMDAwMDB9LCJzY2hlbWFfdmVyc2lvbiI6IjEifQ==",
          "dependencies": [
            "data.digitalocean_ssh_key.ssh_key"
          ]
        }
      ]
    },
    {
      "mode": "managed",
      "type": "digitalocean_kubernetes_cluster",
      "name": "k8s",
      "provider": "provider[\"registry.terraform.io/digitalocean/digitalocean\"]",
      "instances": [
        {
          "schema_version": 3,
          "attributes": {
            "auto_upgrade": false,
            "cluster_subnet": "10.244.0.0/16",
            "created_at": "2023-01-29 13:26:53 +0000 UTC",
            "endpoint": "https://05a26738-cf23-4368-836a-1a3b0bd0fc06.k8s.ondigitalocean.com",
            "ha": false,
            "id": "05a26738-cf23-4368-836a-1a3b0bd0fc06",
            "ipv4_address": "",
            "kube_config": [
              {
                "client_certificate": "",
                "client_key": "",
                "cluster_ca_certificate": "LS0tLS1CRUdJTiBDRVJUSUZJQ0FURS0tLS0tCk1JSURKekNDQWcrZ0F3SUJBZ0lDQm5Vd0RRWUpLb1pJaHZjTkFRRUxCUUF3TXpFVk1CTUdBMVVFQ2hNTVJHbG4KYVhSaGJFOWpaV0Z1TVJvd0dBWURWUVFERXhGck9ITmhZWE1nUTJ4MWMzUmxjaUJEUVRBZUZ3MHlNekF4TWpreApNekkzTUROYUZ3MDBNekF4TWpreE16STNNRE5hTURNeEZUQVRCZ05WQkFvVERFUnBaMmwwWVd4UFkyVmhiakVhCk1CZ0dBMVVFQXhNUmF6aHpZV0Z6SUVOc2RYTjBaWElnUTBFd2dnRWlNQTBHQ1NxR1NJYjNEUUVCQVFVQUE0SUIKRHdBd2dnRUtBb0lCQVFDMTl5YzI3QlFWNW0xSGUwR3VOaHExYWJPNjlHNVZiRWpCMDJieXg3QjNzS2dxQndMVwpKWmxWcm5Uc2RUdFAwMmQ0bmpnRXlRUk5JUUZhaUhiblBTNWhhTzQ1T3hieVdBaFRNdGZXWEdzS0MxWWlSbXBLCkY3T1NlUkJwYXBWNmN6NW1Db2Fndm1TRmlPaFVybWNGeXJNMXhGUnErL3JHcXhFemNaeVhqUnFTWEl5Tm40NjkKc2J0ZGRyb3ZnRFpuQkZSNHhhNk4vQ0xhb3Y5RzlKZGhSa0xJOGIzWkN0aFRWLythMmZOTjFFZTFEY1dXNW43TgpZdm9IeVpKQ25kQS9TVUFURDkzQWlSODVFeUFXYUY4K3FJSkNIRU5BQUdVMzBmK3FqV0JnMHNNdUI1TXhtYVRHCjljSnV6UkcxUlBtR1RaZWVqVFV0UFV6a1V1RkM2MVorYSs1ZkFnTUJBQUdqUlRCRE1BNEdBMVVkRHdFQi93UUUKQXdJQmhqQVNCZ05WSFJNQkFmOEVDREFHQVFIL0FnRUFNQjBHQTFVZERnUVdCQlNBOHVIZmRQWm84YWJ4NnJTcQplSnlFZ0VKZFlUQU5CZ2txaGtpRzl3MEJBUXNGQUFPQ0FRRUFraGpheWdWdW9BSDZOd2prL2FEbEtVQ1FyWXR3Cm9VK2RkUzJtanB6R0Z5VzNIUUpmV3prZ2hWQmhMdFpDT1Qxb2prTWhRT0RpemFXTUgwdFRsQ0RBWWZmMktPVUMKYUh3THh6TE0zNElXVkpoYzh5dEVCVjZINTduQ0dKdzExbHlCQmFMYlhmRVpxckw1LytrTzUzeG5CT1VtalQrZQpqZEplekoxaExYYTNDRzN2Y1BrRzIyV1VQbU4vL1ZCelVyYVpzeXgxT3doaTFpcG9LVFN1Y09xai8xdHdETzN4CjdyRzNpNUhITGdzQTZTOTBlanQ0bWw3TnNXbzBFaHlKRll1U3dOTEZONXZWNElyUnhsdGhtOFRqK0hMeTNOQWwKdkVyY21uSVBWSTB5MzR3dFFWcjRtcnErcGZkdzlIQnMvUFRTUEVDQ011azBGQmNDV2c0TmxlbTFuQT09Ci0tLS0tRU5EIENFUlRJRklDQVRFLS0tLS0K",
                "expires_at": "2023-02-05T13:33:14Z",
                "host": "https://05a26738-cf23-4368-836a-1a3b0bd0fc06.k8s.ondigitalocean.com",
                "raw_config": "apiVersion: v1\nkind: Config\nclusters:\n- cluster:\n    certificate-authority-data: LS0tLS1CRUdJTiBDRVJUSUZJQ0FURS0tLS0tCk1JSURKekNDQWcrZ0F3SUJBZ0lDQm5Vd0RRWUpLb1pJaHZjTkFRRUxCUUF3TXpFVk1CTUdBMVVFQ2hNTVJHbG4KYVhSaGJFOWpaV0Z1TVJvd0dBWURWUVFERXhGck9ITmhZWE1nUTJ4MWMzUmxjaUJEUVRBZUZ3MHlNekF4TWpreApNekkzTUROYUZ3MDBNekF4TWpreE16STNNRE5hTURNeEZUQVRCZ05WQkFvVERFUnBaMmwwWVd4UFkyVmhiakVhCk1CZ0dBMVVFQXhNUmF6aHpZV0Z6SUVOc2RYTjBaWElnUTBFd2dnRWlNQTBHQ1NxR1NJYjNEUUVCQVFVQUE0SUIKRHdBd2dnRUtBb0lCQVFDMTl5YzI3QlFWNW0xSGUwR3VOaHExYWJPNjlHNVZiRWpCMDJieXg3QjNzS2dxQndMVwpKWmxWcm5Uc2RUdFAwMmQ0bmpnRXlRUk5JUUZhaUhiblBTNWhhTzQ1T3hieVdBaFRNdGZXWEdzS0MxWWlSbXBLCkY3T1NlUkJwYXBWNmN6NW1Db2Fndm1TRmlPaFVybWNGeXJNMXhGUnErL3JHcXhFemNaeVhqUnFTWEl5Tm40NjkKc2J0ZGRyb3ZnRFpuQkZSNHhhNk4vQ0xhb3Y5RzlKZGhSa0xJOGIzWkN0aFRWLythMmZOTjFFZTFEY1dXNW43TgpZdm9IeVpKQ25kQS9TVUFURDkzQWlSODVFeUFXYUY4K3FJSkNIRU5BQUdVMzBmK3FqV0JnMHNNdUI1TXhtYVRHCjljSnV6UkcxUlBtR1RaZWVqVFV0UFV6a1V1RkM2MVorYSs1ZkFnTUJBQUdqUlRCRE1BNEdBMVVkRHdFQi93UUUKQXdJQmhqQVNCZ05WSFJNQkFmOEVDREFHQVFIL0FnRUFNQjBHQTFVZERnUVdCQlNBOHVIZmRQWm84YWJ4NnJTcQplSnlFZ0VKZFlUQU5CZ2txaGtpRzl3MEJBUXNGQUFPQ0FRRUFraGpheWdWdW9BSDZOd2prL2FEbEtVQ1FyWXR3Cm9VK2RkUzJtanB6R0Z5VzNIUUpmV3prZ2hWQmhMdFpDT1Qxb2prTWhRT0RpemFXTUgwdFRsQ0RBWWZmMktPVUMKYUh3THh6TE0zNElXVkpoYzh5dEVCVjZINTduQ0dKdzExbHlCQmFMYlhmRVpxckw1LytrTzUzeG5CT1VtalQrZQpqZEplekoxaExYYTNDRzN2Y1BrRzIyV1VQbU4vL1ZCelVyYVpzeXgxT3doaTFpcG9LVFN1Y09xai8xdHdETzN4CjdyRzNpNUhITGdzQTZTOTBlanQ0bWw3TnNXbzBFaHlKRll1U3dOTEZONXZWNElyUnhsdGhtOFRqK0hMeTNOQWwKdkVyY21uSVBWSTB5MzR3dFFWcjRtcnErcGZkdzlIQnMvUFRTUEVDQ011azBGQmNDV2c0TmxlbTFuQT09Ci0tLS0tRU5EIENFUlRJRklDQVRFLS0tLS0K\n    server: https://05a26738-cf23-4368-836a-1a3b0bd0fc06.k8s.ondigitalocean.com\n  name: do-nyc1-k8s\ncontexts:\n- context:\n    cluster: do-nyc1-k8s\n    user: do-nyc1-k8s-admin\n  name: do-nyc1-k8s\ncurrent-context: do-nyc1-k8s\nusers:\n- name: do-nyc1-k8s-admin\n  user:\n    token: dop_v1_b6b60ec606c196e6b5a0fb218a3b854c0b927d31e76a24e8f118ad25ce87d100\n",
                "token": "dop_v1_b6b60ec606c196e6b5a0fb218a3b854c0b927d31e76a24e8f118ad25ce87d100"
              }
            ],
            "maintenance_policy": [
              {
                "day": "any",
                "duration": "4h0m0s",
                "start_time": "9:00"
              }
            ],
            "name": "k8s",
            "node_pool": [
              {
                "actual_node_count": 2,
                "auto_scale": false,
                "id": "e741cc3d-8e88-4810-8529-33cfbe2c9921",
                "labels": {},
                "max_nodes": 0,
                "min_nodes": 0,
                "name": "defautl",
                "node_count": 2,
                "nodes": [
                  {
                    "created_at": "2023-01-29 13:26:53 +0000 UTC",
                    "droplet_id": "338111446",
                    "id": "1cdad2c5-599a-442e-ba44-f2c305c41fff",
                    "name": "defautl-qndgn",
                    "status": "running",
                    "updated_at": "2023-01-29 13:28:25 +0000 UTC"
                  },
                  {
                    "created_at": "2023-01-29 13:26:53 +0000 UTC",
                    "droplet_id": "338111445",
                    "id": "d2b159b6-3dfb-45d7-91cc-0d805e424583",
                    "name": "defautl-qndg3",
                    "status": "running",
                    "updated_at": "2023-01-29 13:28:25 +0000 UTC"
                  }
                ],
                "size": "s-2vcpu-2gb",
                "tags": [],
                "taint": []
              }
            ],
            "region": "nyc1",
            "service_subnet": "10.245.0.0/16",
            "status": "running",
            "surge_upgrade": true,
            "tags": [],
            "timeouts": null,
            "updated_at": "2023-01-29 13:33:05 +0000 UTC",
            "urn": "do:kubernetes:05a26738-cf23-4368-836a-1a3b0bd0fc06",
            "version": "1.25.4-do.0",
            "vpc_uuid": "2d5e648f-d21e-4af9-8898-12c176bf819f"
          },
          "sensitive_attributes": [],
          "private": "eyJlMmJmYjczMC1lY2FhLTExZTYtOGY4OC0zNDM2M2JjN2M0YzAiOnsiY3JlYXRlIjoxODAwMDAwMDAwMDAwfSwic2NoZW1hX3ZlcnNpb24iOiIzIn0="
        }
      ]
    }
  ],
  "check_results": null
}
